<?xml version="1.0" encoding="utf-8"?>
<Project ToolsVersion="4.0" xmlns="http://schemas.microsoft.com/developer/msbuild/2003">
  <ItemGroup>
    <ClInclude Include="src\lib\bounding_box.h" />
    <ClInclude Include="src\lib\color.h" />
    <ClInclude Include="src\lib\common.h" />
    <ClInclude Include="src\lib\flying_camera.h" />
    <ClInclude Include="src\lib\geometry.h" />
    <ClInclude Include="src\lib\matrix.h" />
    <ClInclude Include="src\lib\mesh.h" />
    <ClInclude Include="src\lib\platform.h" />
    <ClInclude Include="src\lib\random.h" />
    <ClInclude Include="src\lib\ray.h" />
    <ClInclude Include="src\lib\vector.h" />
    <ClInclude Include="src\std.h" />
    <ClInclude Include="src\lib\obj_loader.h">
      <Filter>io</Filter>
    </ClInclude>
    <ClInclude Include="src\lib\io.h">
      <Filter>io</Filter>
    </ClInclude>
    <ClInclude Include="src\lib\test_scenes.h">
      <Filter>io</Filter>
    </ClInclude>
    <ClInclude Include="src\lib\colorimetry.h" />
    <ClInclude Include="src\lib\spectrum.h" />
  </ItemGroup>
  <ItemGroup>
    <ClCompile Include="src\lib\color.cpp" />
    <ClCompile Include="src\lib\common.cpp" />
    <ClCompile Include="src\lib\flying_camera.cpp" />
    <ClCompile Include="src\lib\matrix.cpp" />
    <ClCompile Include="src\lib\mesh.cpp" />
    <ClCompile Include="src\lib\win32.cpp" />
    <ClCompile Include="src\std.cpp" />
    <ClCompile Include="src\lib\obj_loader.cpp">
      <Filter>io</Filter>
    </ClCompile>
    <ClCompile Include="src\lib\io.cpp">
      <Filter>io</Filter>
    </ClCompile>
    <ClCompile Include="src\lib\test_scenes.cpp">
      <Filter>io</Filter>
    </ClCompile>
    <ClCompile Include="src\lib\colorimetry.cpp" />
    <ClCompile Include="src\lib\spectrum.cpp" />
  </ItemGroup>
  <ItemGroup>
    <Filter Include="io">
      <UniqueIdentifier>{ec2ad376-6032-4c43-af26-2b3da3b3887d}</UniqueIdentifier>
    </Filter>
  </ItemGroup>
</Project>