
Microsoft Visual Studio Solution File, Format Version 12.00
# Visual Studio 15
VisualStudioVersion = 15.0.27428.2011
MinimumVisualStudioVersion = 10.0.40219.1
Project("{8BC9CEB8-8B4A-11D0-8D11-00A0C91BC942}") = "YAR", "YAR.vcxproj", "{5CB76875-96D2-4581-8544-017176CB4F06}"
EndProject
Project("{8BC9CEB8-8B4A-11D0-8D11-00A0C91BC942}") = "reference", "reference.vcxproj", "{9C3E71BC-ED3B-40DF-A8D8-66AE36E83126}"
EndProject
Project("{8BC9CEB8-8B4A-11D0-8D11-00A0C91BC942}") = "kitchen", "kitchen.vcxproj", "{5D5C215F-DB9F-4795-800F-D48159BF0620}"
EndProject
Global
	GlobalSection(SolutionConfigurationPlatforms) = preSolution
		Debug|x64 = Debug|x64
		Release|x64 = Release|x64
	EndGlobalSection
	GlobalSection(ProjectConfigurationPlatforms) = postSolution
		{5CB76875-96D2-4581-8544-017176CB4F06}.Debug|x64.ActiveCfg = Debug|x64
		{5CB76875-96D2-4581-8544-017176CB4F06}.Debug|x64.Build.0 = Debug|x64
		{5CB76875-96D2-4581-8544-017176CB4F06}.Release|x64.ActiveCfg = Release|x64
		{5CB76875-96D2-4581-8544-017176CB4F06}.Release|x64.Build.0 = Release|x64
		{9C3E71BC-ED3B-40DF-A8D8-66AE36E83126}.Debug|x64.ActiveCfg = Debug|x64
		{9C3E71BC-ED3B-40DF-A8D8-66AE36E83126}.Debug|x64.Build.0 = Debug|x64
		{9C3E71BC-ED3B-40DF-A8D8-66AE36E83126}.Release|x64.ActiveCfg = Release|x64
		{9C3E71BC-ED3B-40DF-A8D8-66AE36E83126}.Release|x64.Build.0 = Release|x64
		{5D5C215F-DB9F-4795-800F-D48159BF0620}.Debug|x64.ActiveCfg = Debug|x64
		{5D5C215F-DB9F-4795-800F-D48159BF0620}.Debug|x64.Build.0 = Debug|x64
		{5D5C215F-DB9F-4795-800F-D48159BF0620}.Release|x64.ActiveCfg = Release|x64
		{5D5C215F-DB9F-4795-800F-D48159BF0620}.Release|x64.Build.0 = Release|x64
	EndGlobalSection
	GlobalSection(SolutionProperties) = preSolution
		HideSolutionNode = FALSE
	EndGlobalSection
	GlobalSection(ExtensibilityGlobals) = postSolution
		SolutionGuid = {FF319101-F791-4995-A83D-8181E4806DB1}
	EndGlobalSection
EndGlobal
