<?xml version="1.0" encoding="utf-8"?>
<Project ToolsVersion="4.0" xmlns="http://schemas.microsoft.com/developer/msbuild/2003">
  <ItemGroup>
    <ClCompile Include="src\playground.cpp" />
    <ClCompile Include="src\kdtree.cpp" />
    <ClCompile Include="src\kdtree_builder.cpp" />
    <ClCompile Include="src\triangle_mesh.cpp" />
    <ClCompile Include="src\test_triangle_intersection.cpp" />
    <ClCompile Include="src\common.cpp" />
    <ClCompile Include="src\test_kdtree.cpp" />
    <ClCompile Include="src\triangle_mesh_loader.cpp" />
    <ClCompile Include="src\test_ray_generator.cpp" />
    <ClCompile Include="src\sampling.cpp" />
    <ClCompile Include="src\camera.cpp" />
    <ClCompile Include="src\matrix.cpp" />
    <ClCompile Include="3rdparty\half\half.cpp">
      <Filter>3rdparty\half</Filter>
    </ClCompile>
    <ClCompile Include="3rdparty\miniexr.cpp">
      <Filter>3rdparty</Filter>
    </ClCompile>
    <ClCompile Include="src\colorimetry.cpp" />
    <ClCompile Include="src\spectrum.cpp" />
    <ClCompile Include="src\intersection.cpp" />
  </ItemGroup>
  <ItemGroup>
    <ClInclude Include="src\matrix.h" />
    <ClInclude Include="src\bounding_box.h" />
    <ClInclude Include="src\ray.h" />
    <ClInclude Include="src\common.h" />
    <ClInclude Include="src\kdtree.h" />
    <ClInclude Include="src\kdtree_builder.h" />
    <ClInclude Include="src\triangle_mesh.h" />
    <ClInclude Include="src\rng.h" />
    <ClInclude Include="src\triangle_mesh_loader.h" />
    <ClInclude Include="src\test_ray_generator.h" />
    <ClInclude Include="src\sampling.h" />
    <ClInclude Include="src\camera.h" />
    <ClInclude Include="src\light.h" />
    <ClInclude Include="src\spectrum.h" />
    <ClInclude Include="3rdparty\half\half.h">
      <Filter>3rdparty\half</Filter>
    </ClInclude>
    <ClInclude Include="src\colorimetry.h" />
    <ClInclude Include="src\vector.h" />
    <ClInclude Include="src\intersection.h" />
  </ItemGroup>
  <ItemGroup>
    <Filter Include="3rdparty">
      <UniqueIdentifier>{da7df377-dbdc-4a52-9b76-66f110655e5d}</UniqueIdentifier>
    </Filter>
    <Filter Include="3rdparty\half">
      <UniqueIdentifier>{a7d8540c-cd99-4e5b-bf6a-73cab783f933}</UniqueIdentifier>
    </Filter>
  </ItemGroup>
</Project>