<?xml version="1.0" encoding="utf-8"?>
<Project ToolsVersion="4.0" xmlns="http://schemas.microsoft.com/developer/msbuild/2003">
  <ItemGroup>
    <ClInclude Include="..\src\lib\bounding_box.h" />
    <ClInclude Include="..\src\lib\color.h" />
    <ClInclude Include="..\src\lib\common.h" />
    <ClInclude Include="..\src\lib\flying_camera.h" />
    <ClInclude Include="..\src\lib\geometry.h" />
    <ClInclude Include="..\src\lib\matrix.h" />
    <ClInclude Include="..\src\lib\platform.h" />
    <ClInclude Include="..\src\lib\random.h" />
    <ClInclude Include="..\src\lib\ray.h" />
    <ClInclude Include="..\src\lib\vector.h" />
    <ClInclude Include="..\src\std.h" />
    <ClInclude Include="..\src\lib\obj_loader.h">
      <Filter>project</Filter>
    </ClInclude>
    <ClInclude Include="..\src\lib\test_scenes.h">
      <Filter>project</Filter>
    </ClInclude>
    <ClInclude Include="..\src\lib\colorimetry.h" />
    <ClInclude Include="..\src\lib\spectrum.h" />
    <ClInclude Include="..\src\lib\pbrt_loader.h">
      <Filter>project</Filter>
    </ClInclude>
    <ClInclude Include="..\src\lib\material.h" />
    <ClInclude Include="..\src\lib\triangle_mesh.h" />
    <ClInclude Include="..\src\lib\render_object.h" />
    <ClInclude Include="..\src\lib\light.h" />
    <ClInclude Include="..\src\lib\project.h">
      <Filter>project</Filter>
    </ClInclude>
    <ClInclude Include="..\src\lib\scene.h" />
  </ItemGroup>
  <ItemGroup>
    <ClCompile Include="..\src\lib\color.cpp" />
    <ClCompile Include="..\src\lib\common.cpp" />
    <ClCompile Include="..\src\lib\flying_camera.cpp" />
    <ClCompile Include="..\src\lib\matrix.cpp" />
    <ClCompile Include="..\src\lib\win32.cpp" />
    <ClCompile Include="..\src\std.cpp" />
    <ClCompile Include="..\src\lib\obj_loader.cpp">
      <Filter>project</Filter>
    </ClCompile>
    <ClCompile Include="..\src\lib\test_scenes.cpp">
      <Filter>project</Filter>
    </ClCompile>
    <ClCompile Include="..\src\lib\colorimetry.cpp" />
    <ClCompile Include="..\src\lib\spectrum.cpp" />
    <ClCompile Include="..\src\lib\pbrt_loader.cpp">
      <Filter>project</Filter>
    </ClCompile>
    <ClCompile Include="..\src\lib\triangle_mesh.cpp" />
    <ClCompile Include="..\src\lib\light.cpp" />
    <ClCompile Include="..\src\lib\project.cpp">
      <Filter>project</Filter>
    </ClCompile>
    <ClCompile Include="..\src\lib\scene.cpp" />
  </ItemGroup>
  <ItemGroup>
    <Filter Include="project">
      <UniqueIdentifier>{ec2ad376-6032-4c43-af26-2b3da3b3887d}</UniqueIdentifier>
    </Filter>
  </ItemGroup>
</Project>