<?xml version="1.0" encoding="utf-8"?>
<Project ToolsVersion="4.0" xmlns="http://schemas.microsoft.com/developer/msbuild/2003">
  <ItemGroup>
    <Filter Include="enkiTS">
      <UniqueIdentifier>{1088a4b7-0f64-4bb8-b860-83ec5d5bfa66}</UniqueIdentifier>
    </Filter>
    <Filter Include="glfw">
      <UniqueIdentifier>{b6b8da2c-7203-4c5f-88d7-6ef3651a662f}</UniqueIdentifier>
    </Filter>
    <Filter Include="half">
      <UniqueIdentifier>{19848736-492f-4845-939d-0a34755048fa}</UniqueIdentifier>
    </Filter>
    <Filter Include="imgui">
      <UniqueIdentifier>{8fb8bcf7-dc41-4813-9dc0-5be5e88bcf5e}</UniqueIdentifier>
    </Filter>
    <Filter Include="pcg">
      <UniqueIdentifier>{989bbf8f-4154-4311-97c1-ae1ab2015f6c}</UniqueIdentifier>
    </Filter>
    <Filter Include="volk">
      <UniqueIdentifier>{4f782fe0-2a7b-4a21-acae-ec7624df63c3}</UniqueIdentifier>
    </Filter>
    <Filter Include="pbrt-parser">
      <UniqueIdentifier>{d491dcfc-e534-4d29-986f-5f94056311fe}</UniqueIdentifier>
    </Filter>
    <Filter Include="getopt">
      <UniqueIdentifier>{d51f4701-0e8b-474e-b6f3-7df275046530}</UniqueIdentifier>
    </Filter>
    <Filter Include="pbrt-parser\impl">
      <UniqueIdentifier>{5cf85e79-24e7-42c8-ba53-4f8772c6cf46}</UniqueIdentifier>
    </Filter>
    <Filter Include="pbrt-parser\impl\semantic">
      <UniqueIdentifier>{1902c3a5-932b-45cc-bfc9-24f07c69f903}</UniqueIdentifier>
    </Filter>
    <Filter Include="pbrt-parser\impl\syntactic">
      <UniqueIdentifier>{b88f5c3c-2373-498c-9639-9eb75bb15403}</UniqueIdentifier>
    </Filter>
    <Filter Include="meow-hash">
      <UniqueIdentifier>{393ebdb5-015e-491f-b183-b7837c4578b8}</UniqueIdentifier>
    </Filter>
    <Filter Include="jsnm">
      <UniqueIdentifier>{8d65b524-acce-4d2f-bd85-791fae8d4ad5}</UniqueIdentifier>
    </Filter>
    <Filter Include="stb">
      <UniqueIdentifier>{0e6232c6-7d53-4e14-be15-6008ebc1318f}</UniqueIdentifier>
    </Filter>
    <Filter Include="tiny">
      <UniqueIdentifier>{b2f09a33-2976-4404-89fa-97417ba6ddaa}</UniqueIdentifier>
    </Filter>
  </ItemGroup>
  <ItemGroup>
    <ClCompile Include="..\third-party\enkiTS\TaskScheduler.cpp">
      <Filter>enkiTS</Filter>
    </ClCompile>
    <ClCompile Include="..\third-party\glfw\context.c">
      <Filter>glfw</Filter>
    </ClCompile>
    <ClCompile Include="..\third-party\glfw\egl_context.c">
      <Filter>glfw</Filter>
    </ClCompile>
    <ClCompile Include="..\third-party\glfw\init.c">
      <Filter>glfw</Filter>
    </ClCompile>
    <ClCompile Include="..\third-party\glfw\input.c">
      <Filter>glfw</Filter>
    </ClCompile>
    <ClCompile Include="..\third-party\glfw\monitor.c">
      <Filter>glfw</Filter>
    </ClCompile>
    <ClCompile Include="..\third-party\glfw\osmesa_context.c">
      <Filter>glfw</Filter>
    </ClCompile>
    <ClCompile Include="..\third-party\glfw\vulkan.c">
      <Filter>glfw</Filter>
    </ClCompile>
    <ClCompile Include="..\third-party\glfw\wgl_context.c">
      <Filter>glfw</Filter>
    </ClCompile>
    <ClCompile Include="..\third-party\glfw\win32_init.c">
      <Filter>glfw</Filter>
    </ClCompile>
    <ClCompile Include="..\third-party\glfw\win32_joystick.c">
      <Filter>glfw</Filter>
    </ClCompile>
    <ClCompile Include="..\third-party\glfw\win32_monitor.c">
      <Filter>glfw</Filter>
    </ClCompile>
    <ClCompile Include="..\third-party\glfw\win32_thread.c">
      <Filter>glfw</Filter>
    </ClCompile>
    <ClCompile Include="..\third-party\glfw\win32_time.c">
      <Filter>glfw</Filter>
    </ClCompile>
    <ClCompile Include="..\third-party\glfw\win32_window.c">
      <Filter>glfw</Filter>
    </ClCompile>
    <ClCompile Include="..\third-party\glfw\window.c">
      <Filter>glfw</Filter>
    </ClCompile>
    <ClCompile Include="..\third-party\half\half.cpp">
      <Filter>half</Filter>
    </ClCompile>
    <ClCompile Include="..\third-party\imgui\imgui.cpp">
      <Filter>imgui</Filter>
    </ClCompile>
    <ClCompile Include="..\third-party\imgui\imgui_demo.cpp">
      <Filter>imgui</Filter>
    </ClCompile>
    <ClCompile Include="..\third-party\imgui\imgui_draw.cpp">
      <Filter>imgui</Filter>
    </ClCompile>
    <ClCompile Include="..\third-party\imgui\imgui_widgets.cpp">
      <Filter>imgui</Filter>
    </ClCompile>
    <ClCompile Include="..\third-party\pcg\pcg_basic.c">
      <Filter>pcg</Filter>
    </ClCompile>
    <ClCompile Include="..\third-party\volk\volk.c">
      <Filter>volk</Filter>
    </ClCompile>
    <ClCompile Include="..\third-party\miniexr.cpp" />
    <ClCompile Include="..\third-party\imgui\imgui_impl_glfw.cpp">
      <Filter>imgui</Filter>
    </ClCompile>
    <ClCompile Include="..\third-party\imgui\imgui_impl_vulkan.cpp">
      <Filter>imgui</Filter>
    </ClCompile>
    <ClCompile Include="..\third-party\getopt\getopt.c">
      <Filter>getopt</Filter>
    </ClCompile>
    <ClCompile Include="..\third-party\pbrt-parser\impl\semantic\BinaryFileFormat.cpp">
      <Filter>pbrt-parser\impl\semantic</Filter>
    </ClCompile>
    <ClCompile Include="..\third-party\pbrt-parser\impl\semantic\Camera.cpp">
      <Filter>pbrt-parser\impl\semantic</Filter>
    </ClCompile>
    <ClCompile Include="..\third-party\pbrt-parser\impl\semantic\Geometry.cpp">
      <Filter>pbrt-parser\impl\semantic</Filter>
    </ClCompile>
    <ClCompile Include="..\third-party\pbrt-parser\impl\semantic\importPBRT.cpp">
      <Filter>pbrt-parser\impl\semantic</Filter>
    </ClCompile>
    <ClCompile Include="..\third-party\pbrt-parser\impl\semantic\Lights.cpp">
      <Filter>pbrt-parser\impl\semantic</Filter>
    </ClCompile>
    <ClCompile Include="..\third-party\pbrt-parser\impl\semantic\Materials.cpp">
      <Filter>pbrt-parser\impl\semantic</Filter>
    </ClCompile>
    <ClCompile Include="..\third-party\pbrt-parser\impl\semantic\Scene.cpp">
      <Filter>pbrt-parser\impl\semantic</Filter>
    </ClCompile>
    <ClCompile Include="..\third-party\pbrt-parser\impl\semantic\Textures.cpp">
      <Filter>pbrt-parser\impl\semantic</Filter>
    </ClCompile>
    <ClCompile Include="..\third-party\pbrt-parser\impl\syntactic\FileMapping.cpp">
      <Filter>pbrt-parser\impl\syntactic</Filter>
    </ClCompile>
    <ClCompile Include="..\third-party\pbrt-parser\impl\syntactic\Scene.cpp">
      <Filter>pbrt-parser\impl\syntactic</Filter>
    </ClCompile>
  </ItemGroup>
  <ItemGroup>
    <ClInclude Include="..\third-party\enkiTS\Atomics.h">
      <Filter>enkiTS</Filter>
    </ClInclude>
    <ClInclude Include="..\third-party\enkiTS\LockLessMultiReadPipe.h">
      <Filter>enkiTS</Filter>
    </ClInclude>
    <ClInclude Include="..\third-party\enkiTS\TaskScheduler.h">
      <Filter>enkiTS</Filter>
    </ClInclude>
    <ClInclude Include="..\third-party\enkiTS\Threads.h">
      <Filter>enkiTS</Filter>
    </ClInclude>
    <ClInclude Include="..\third-party\glfw\egl_context.h">
      <Filter>glfw</Filter>
    </ClInclude>
    <ClInclude Include="..\third-party\glfw\glfw3.h">
      <Filter>glfw</Filter>
    </ClInclude>
    <ClInclude Include="..\third-party\glfw\glfw3native.h">
      <Filter>glfw</Filter>
    </ClInclude>
    <ClInclude Include="..\third-party\glfw\internal.h">
      <Filter>glfw</Filter>
    </ClInclude>
    <ClInclude Include="..\third-party\glfw\mappings.h">
      <Filter>glfw</Filter>
    </ClInclude>
    <ClInclude Include="..\third-party\glfw\osmesa_context.h">
      <Filter>glfw</Filter>
    </ClInclude>
    <ClInclude Include="..\third-party\glfw\wgl_context.h">
      <Filter>glfw</Filter>
    </ClInclude>
    <ClInclude Include="..\third-party\glfw\win32_joystick.h">
      <Filter>glfw</Filter>
    </ClInclude>
    <ClInclude Include="..\third-party\glfw\win32_platform.h">
      <Filter>glfw</Filter>
    </ClInclude>
    <ClInclude Include="..\third-party\half\half.h">
      <Filter>half</Filter>
    </ClInclude>
    <ClInclude Include="..\third-party\imgui\imconfig.h">
      <Filter>imgui</Filter>
    </ClInclude>
    <ClInclude Include="..\third-party\imgui\imgui.h">
      <Filter>imgui</Filter>
    </ClInclude>
    <ClInclude Include="..\third-party\imgui\imgui_internal.h">
      <Filter>imgui</Filter>
    </ClInclude>
    <ClInclude Include="..\third-party\imgui\imstb_rectpack.h">
      <Filter>imgui</Filter>
    </ClInclude>
    <ClInclude Include="..\third-party\imgui\imstb_textedit.h">
      <Filter>imgui</Filter>
    </ClInclude>
    <ClInclude Include="..\third-party\imgui\imstb_truetype.h">
      <Filter>imgui</Filter>
    </ClInclude>
    <ClInclude Include="..\third-party\pcg\pcg_basic.h">
      <Filter>pcg</Filter>
    </ClInclude>
    <ClInclude Include="..\third-party\volk\volk.h">
      <Filter>volk</Filter>
    </ClInclude>
    <ClInclude Include="..\third-party\imgui\imgui_impl_glfw.h">
      <Filter>imgui</Filter>
    </ClInclude>
    <ClInclude Include="..\third-party\imgui\imgui_impl_vulkan.h">
      <Filter>imgui</Filter>
    </ClInclude>
    <ClInclude Include="..\third-party\getopt\getopt.h">
      <Filter>getopt</Filter>
    </ClInclude>
    <ClInclude Include="..\third-party\pbrt-parser\include\pbrtParser\math.h">
      <Filter>pbrt-parser</Filter>
    </ClInclude>
    <ClInclude Include="..\third-party\pbrt-parser\include\pbrtParser\Scene.h">
      <Filter>pbrt-parser</Filter>
    </ClInclude>
    <ClInclude Include="..\third-party\meow-hash\meow_hash_x64_aesni.h">
      <Filter>meow-hash</Filter>
    </ClInclude>
    <ClInclude Include="..\third-party\jsmn\jsmn.h">
      <Filter>jsnm</Filter>
    </ClInclude>
    <ClInclude Include="..\third-party\pbrt-parser\impl\semantic\SemanticParser.h">
      <Filter>pbrt-parser\impl\semantic</Filter>
    </ClInclude>
    <ClInclude Include="..\third-party\pbrt-parser\impl\syntactic\Buffer.h">
      <Filter>pbrt-parser\impl\syntactic</Filter>
    </ClInclude>
    <ClInclude Include="..\third-party\pbrt-parser\impl\syntactic\FileMapping.h">
      <Filter>pbrt-parser\impl\syntactic</Filter>
    </ClInclude>
    <ClInclude Include="..\third-party\pbrt-parser\impl\syntactic\Lexer.h">
      <Filter>pbrt-parser\impl\syntactic</Filter>
    </ClInclude>
    <ClInclude Include="..\third-party\pbrt-parser\impl\syntactic\Parser.h">
      <Filter>pbrt-parser\impl\syntactic</Filter>
    </ClInclude>
    <ClInclude Include="..\third-party\pbrt-parser\impl\syntactic\Scene.h">
      <Filter>pbrt-parser\impl\syntactic</Filter>
    </ClInclude>
    <ClInclude Include="..\third-party\stb\stb_image.h">
      <Filter>stb</Filter>
    </ClInclude>
    <ClInclude Include="..\third-party\stb\stb_image_write.h">
      <Filter>stb</Filter>
    </ClInclude>
    <ClInclude Include="..\third-party\tiny\tinyexr.h">
      <Filter>tiny</Filter>
    </ClInclude>
    <ClInclude Include="..\third-party\tiny\tiny_obj_loader.h">
      <Filter>tiny</Filter>
    </ClInclude>
  </ItemGroup>
  <ItemGroup>
    <None Include="..\third-party\pbrt-parser\impl\syntactic\Buffer.inl">
      <Filter>pbrt-parser\impl\syntactic</Filter>
    </None>
    <None Include="..\third-party\pbrt-parser\impl\syntactic\Lexer.inl">
      <Filter>pbrt-parser\impl\syntactic</Filter>
    </None>
    <None Include="..\third-party\pbrt-parser\impl\syntactic\Parser.inl">
      <Filter>pbrt-parser\impl\syntactic</Filter>
    </None>
  </ItemGroup>
</Project>