<?xml version="1.0" encoding="utf-8"?>
<Project ToolsVersion="4.0" xmlns="http://schemas.microsoft.com/developer/msbuild/2003">
  <ItemGroup>
    <ClCompile Include="..\src\reference\camera.cpp" />
    <ClCompile Include="..\src\reference\film.cpp" />
    <ClCompile Include="..\src\reference\intersection.cpp" />
    <ClCompile Include="..\src\reference\kdtree.cpp" />
    <ClCompile Include="..\src\reference\kdtree_builder.cpp" />
    <ClCompile Include="..\src\reference\reference_renderer.cpp" />
    <ClCompile Include="..\src\reference\sampling.cpp" />
    <ClCompile Include="..\src\std.cpp" />
    <ClCompile Include="..\src\reference\direct_lighting.cpp" />
    <ClCompile Include="..\src\reference\shading_context.cpp" />
    <ClCompile Include="..\src\reference\parameter_evaluation.cpp" />
    <ClCompile Include="..\src\reference\image_texture.cpp" />
    <ClCompile Include="..\src\reference\scattering.cpp" />
    <ClCompile Include="..\src\reference\bsdf.cpp" />
    <ClCompile Include="..\src\reference\test.cpp">
      <Filter>tests</Filter>
    </ClCompile>
    <ClCompile Include="..\src\reference\test_kdtree.cpp">
      <Filter>tests</Filter>
    </ClCompile>
    <ClCompile Include="..\src\reference\test_sampling.cpp">
      <Filter>tests</Filter>
    </ClCompile>
    <ClCompile Include="..\src\reference\light_sampling.cpp" />
    <ClCompile Include="..\src\reference\pixel_sampling.cpp" />
    <ClCompile Include="..\src\reference\path_tracing.cpp" />
    <ClCompile Include="..\src\reference\test_random.cpp">
      <Filter>tests</Filter>
    </ClCompile>
    <ClCompile Include="..\src\reference\delta_scattering.cpp" />
    <ClCompile Include="..\src\reference\test_watertightness.cpp">
      <Filter>tests</Filter>
    </ClCompile>
    <ClCompile Include="..\src\reference\benchmark_triangle_intersection.cpp">
      <Filter>tests</Filter>
    </ClCompile>
    <ClCompile Include="..\src\reference\test_triangle_intersection.cpp">
      <Filter>tests</Filter>
    </ClCompile>
    <ClCompile Include="..\src\reference\kdtree_stats.cpp" />
    <ClCompile Include="..\src\reference\intersection_simd.cpp" />
    <ClCompile Include="..\src\reference\scene_context.cpp" />
    <ClCompile Include="..\src\reference\bsdf_pbrt.cpp" />
  </ItemGroup>
  <ItemGroup>
    <ClInclude Include="..\src\reference\camera.h" />
    <ClInclude Include="..\src\reference\film.h" />
    <ClInclude Include="..\src\reference\intersection.h" />
    <ClInclude Include="..\src\reference\kdtree.h" />
    <ClInclude Include="..\src\reference\kdtree_builder.h" />
    <ClInclude Include="..\src\reference\sampling.h" />
    <ClInclude Include="..\src\reference\reference_renderer.h" />
    <ClInclude Include="..\src\reference\direct_lighting.h" />
    <ClInclude Include="..\src\reference\shading_context.h" />
    <ClInclude Include="..\src\reference\parameter_evaluation.h" />
    <ClInclude Include="..\src\reference\image_texture.h" />
    <ClInclude Include="..\src\reference\scattering.h" />
    <ClInclude Include="..\src\reference\bsdf.h" />
    <ClInclude Include="..\src\reference\thread_context.h" />
    <ClInclude Include="..\src\reference\test.h">
      <Filter>tests</Filter>
    </ClInclude>
    <ClInclude Include="..\src\reference\light_sampling.h" />
    <ClInclude Include="..\src\reference\pixel_sampling.h" />
    <ClInclude Include="..\src\reference\path_tracing.h" />
    <ClInclude Include="..\src\reference\delta_scattering.h" />
    <ClInclude Include="..\src\reference\kdtree_stats.h" />
    <ClInclude Include="..\src\reference\intersection_simd.h" />
    <ClInclude Include="..\src\reference\scene_context.h" />
    <ClInclude Include="..\src\reference\bsdf_pbrt.h" />
  </ItemGroup>
  <ItemGroup>
    <Filter Include="tests">
      <UniqueIdentifier>{fe22d0d0-cbe9-4250-aa72-e1e115ac9e90}</UniqueIdentifier>
    </Filter>
  </ItemGroup>
</Project>