<?xml version="1.0" encoding="utf-8"?>
<Project ToolsVersion="4.0" xmlns="http://schemas.microsoft.com/developer/msbuild/2003">
  <ItemGroup>
    <ClCompile Include="..\src\ref\camera.cpp" />
    <ClCompile Include="..\src\ref\film.cpp" />
    <ClCompile Include="..\src\ref\intersection.cpp" />
    <ClCompile Include="..\src\ref\kdtree.cpp" />
    <ClCompile Include="..\src\ref\kdtree_builder.cpp" />
    <ClCompile Include="..\src\ref\reference_renderer.cpp" />
    <ClCompile Include="..\src\ref\sampling.cpp" />
    <ClCompile Include="..\src\std.cpp" />
    <ClCompile Include="..\src\ref\direct_lighting.cpp" />
    <ClCompile Include="..\src\ref\shading_context.cpp" />
    <ClCompile Include="..\src\ref\parameter_evaluation.cpp" />
    <ClCompile Include="..\src\ref\image_texture.cpp" />
    <ClCompile Include="..\src\ref\scattering.cpp" />
    <ClCompile Include="..\src\ref\bsdf.cpp" />
    <ClCompile Include="..\src\ref\test.cpp">
      <Filter>tests</Filter>
    </ClCompile>
    <ClCompile Include="..\src\ref\test_kdtree.cpp">
      <Filter>tests</Filter>
    </ClCompile>
    <ClCompile Include="..\src\ref\test_sampling.cpp">
      <Filter>tests</Filter>
    </ClCompile>
    <ClCompile Include="..\src\ref\light_sampling.cpp" />
    <ClCompile Include="..\src\ref\pixel_sampling.cpp" />
    <ClCompile Include="..\src\ref\path_tracing.cpp" />
    <ClCompile Include="..\src\ref\test_random.cpp">
      <Filter>tests</Filter>
    </ClCompile>
    <ClCompile Include="..\src\ref\delta_scattering.cpp" />
    <ClCompile Include="..\src\ref\test_watertightness.cpp">
      <Filter>tests</Filter>
    </ClCompile>
    <ClCompile Include="..\src\ref\benchmark_triangle_intersection.cpp">
      <Filter>tests</Filter>
    </ClCompile>
    <ClCompile Include="..\src\ref\test_triangle_intersection.cpp">
      <Filter>tests</Filter>
    </ClCompile>
    <ClCompile Include="..\src\ref\kdtree_stats.cpp" />
    <ClCompile Include="..\src\ref\intersection_simd.cpp" />
    <ClCompile Include="..\src\ref\scene_context.cpp" />
    <ClCompile Include="..\src\ref\bsdf_pbrt.cpp" />
    <ClCompile Include="..\src\ref\benchmark_pbrt_parser.cpp">
      <Filter>tests</Filter>
    </ClCompile>
  </ItemGroup>
  <ItemGroup>
    <ClInclude Include="..\src\ref\camera.h" />
    <ClInclude Include="..\src\ref\film.h" />
    <ClInclude Include="..\src\ref\intersection.h" />
    <ClInclude Include="..\src\ref\kdtree.h" />
    <ClInclude Include="..\src\ref\kdtree_builder.h" />
    <ClInclude Include="..\src\ref\sampling.h" />
    <ClInclude Include="..\src\ref\reference_renderer.h" />
    <ClInclude Include="..\src\ref\direct_lighting.h" />
    <ClInclude Include="..\src\ref\shading_context.h" />
    <ClInclude Include="..\src\ref\parameter_evaluation.h" />
    <ClInclude Include="..\src\ref\image_texture.h" />
    <ClInclude Include="..\src\ref\scattering.h" />
    <ClInclude Include="..\src\ref\bsdf.h" />
    <ClInclude Include="..\src\ref\thread_context.h" />
    <ClInclude Include="..\src\ref\test.h">
      <Filter>tests</Filter>
    </ClInclude>
    <ClInclude Include="..\src\ref\light_sampling.h" />
    <ClInclude Include="..\src\ref\pixel_sampling.h" />
    <ClInclude Include="..\src\ref\path_tracing.h" />
    <ClInclude Include="..\src\ref\delta_scattering.h" />
    <ClInclude Include="..\src\ref\kdtree_stats.h" />
    <ClInclude Include="..\src\ref\intersection_simd.h" />
    <ClInclude Include="..\src\ref\scene_context.h" />
    <ClInclude Include="..\src\ref\bsdf_pbrt.h" />
  </ItemGroup>
  <ItemGroup>
    <Filter Include="tests">
      <UniqueIdentifier>{fe22d0d0-cbe9-4250-aa72-e1e115ac9e90}</UniqueIdentifier>
    </Filter>
  </ItemGroup>
</Project>