<?xml version="1.0" encoding="utf-8"?>
<Project ToolsVersion="4.0" xmlns="http://schemas.microsoft.com/developer/msbuild/2003">
  <ItemGroup>
    <ClCompile Include="..\src\std.cpp" />
    <ClCompile Include="..\src\renderer\main.cpp" />
    <ClCompile Include="..\src\renderer\vk.cpp" />
    <ClCompile Include="..\src\renderer\kernels\copy_to_swapchain.cpp">
      <Filter>kernels</Filter>
    </ClCompile>
    <ClCompile Include="..\src\renderer\kernels\patch_materials.cpp">
      <Filter>kernels</Filter>
    </ClCompile>
    <ClCompile Include="..\src\renderer\kernels\direct_lighting.cpp">
      <Filter>kernels</Filter>
    </ClCompile>
    <ClCompile Include="..\src\renderer\acceleration_structure.cpp" />
    <ClCompile Include="..\src\renderer\ui\ui.cpp">
      <Filter>ui</Filter>
    </ClCompile>
    <ClCompile Include="..\src\renderer\renderer.cpp" />
    <ClCompile Include="..\src\renderer\kernels\apply_tone_mapping.cpp">
      <Filter>kernels</Filter>
    </ClCompile>
    <ClCompile Include="..\src\renderer\descriptor_heap.cpp" />
    <ClCompile Include="..\src\renderer\descriptors.cpp" />
    <ClCompile Include="..\src\renderer\kernels\path_tracing.cpp">
      <Filter>kernels</Filter>
    </ClCompile>
  </ItemGroup>
  <ItemGroup>
    <ClInclude Include="..\src\std.h" />
    <ClInclude Include="..\src\renderer\vk.h" />
    <ClInclude Include="..\src\renderer\kernels\copy_to_swapchain.h">
      <Filter>kernels</Filter>
    </ClInclude>
    <ClInclude Include="..\src\renderer\kernels\patch_materials.h">
      <Filter>kernels</Filter>
    </ClInclude>
    <ClInclude Include="..\src\renderer\kernels\direct_lighting.h">
      <Filter>kernels</Filter>
    </ClInclude>
    <ClInclude Include="..\src\renderer\acceleration_structure.h" />
    <ClInclude Include="..\src\renderer\kernel_context.h" />
    <ClInclude Include="..\src\renderer\geometry.h" />
    <ClInclude Include="..\src\renderer\ui\ui.h">
      <Filter>ui</Filter>
    </ClInclude>
    <ClInclude Include="..\src\renderer\renderer.h" />
    <ClInclude Include="..\src\renderer\kernels\apply_tone_mapping.h">
      <Filter>kernels</Filter>
    </ClInclude>
    <ClInclude Include="..\src\renderer\descriptor_heap.h" />
    <ClInclude Include="..\src\renderer\descriptors.h" />
    <ClInclude Include="..\src\renderer\kernels\path_tracing.h">
      <Filter>kernels</Filter>
    </ClInclude>
  </ItemGroup>
  <ItemGroup>
    <Filter Include="shaders">
      <UniqueIdentifier>{1be3d33b-ac0d-4df7-ad63-48c4e7b89b7b}</UniqueIdentifier>
    </Filter>
    <Filter Include="kernels">
      <UniqueIdentifier>{49653ff4-3e11-4ee5-8e86-d2103ca724b7}</UniqueIdentifier>
    </Filter>
    <Filter Include="ui">
      <UniqueIdentifier>{94da4b91-ec4c-4ee2-b6ab-3ac0c2550120}</UniqueIdentifier>
    </Filter>
  </ItemGroup>
  <ItemGroup>
    <SlangShader Include="..\src\shaders\material_resources.slang">
      <Filter>shaders</Filter>
    </SlangShader>
    <SlangShader Include="..\src\shaders\shared_material.slang">
      <Filter>shaders</Filter>
    </SlangShader>
    <SlangShader Include="..\src\shaders\shared_main.slang">
      <Filter>shaders</Filter>
    </SlangShader>
    <SlangShader Include="..\src\shaders\raytrace_types.slang">
      <Filter>shaders</Filter>
    </SlangShader>
    <SlangShader Include="..\src\shaders\common.slang">
      <Filter>shaders</Filter>
    </SlangShader>
    <SlangShader Include="..\src\shaders\shading_context.slang">
      <Filter>shaders</Filter>
    </SlangShader>
    <SlangShader Include="..\src\shaders\base_resources.slang">
      <Filter>shaders</Filter>
    </SlangShader>
    <SlangShader Include="..\src\shaders\light_resources.slang">
      <Filter>shaders</Filter>
    </SlangShader>
    <SlangShader Include="..\src\shaders\shared_light.slang">
      <Filter>shaders</Filter>
    </SlangShader>
    <SlangShader Include="..\src\shaders\direct_lighting.slang">
      <Filter>shaders</Filter>
    </SlangShader>
    <SlangShader Include="..\src\shaders\evaluate_bsdf.slang">
      <Filter>shaders</Filter>
    </SlangShader>
    <SlangShader Include="..\src\shaders\apply_tone_mapping.slang">
      <Filter>shaders</Filter>
    </SlangShader>
    <SlangShader Include="..\src\shaders\copy_to_swapchain.slang">
      <Filter>shaders</Filter>
    </SlangShader>
    <SlangShader Include="..\src\shaders\patch_materials.slang">
      <Filter>shaders</Filter>
    </SlangShader>
    <SlangShader Include="..\src\shaders\raytrace_scene.miss.slang">
      <Filter>shaders</Filter>
    </SlangShader>
    <SlangShader Include="..\src\shaders\raytrace_scene_shadow_ray.chit.slang">
      <Filter>shaders</Filter>
    </SlangShader>
    <SlangShader Include="..\src\shaders\raytrace_scene.rgen.slang">
      <Filter>shaders</Filter>
    </SlangShader>
    <SlangShader Include="..\src\shaders\raytrace_scene.chit.slang">
      <Filter>shaders</Filter>
    </SlangShader>
    <SlangShader Include="..\src\shaders\path_tracing.chit.slang">
      <Filter>shaders</Filter>
    </SlangShader>
    <SlangShader Include="..\src\shaders\path_tracing.miss.slang">
      <Filter>shaders</Filter>
    </SlangShader>
    <SlangShader Include="..\src\shaders\path_tracing.rgen.slang">
      <Filter>shaders</Filter>
    </SlangShader>
    <SlangShader Include="..\src\shaders\path_tracing_shadow_ray.chit.slang">
      <Filter>shaders</Filter>
    </SlangShader>
  </ItemGroup>
  <ItemGroup>
    <CustomBuild Include="compile_shaders.trigger">
      <Filter>shaders</Filter>
    </CustomBuild>
  </ItemGroup>
  <ItemGroup>
    <None Include="..\src\shaders\generate_ray.slang">
      <Filter>shaders</Filter>
    </None>
  </ItemGroup>
</Project>