<?xml version="1.0" encoding="utf-8"?>
<Project ToolsVersion="4.0" xmlns="http://schemas.microsoft.com/developer/msbuild/2003">
  <ItemGroup>
    <ClCompile Include="..\src\std.cpp" />
    <ClCompile Include="..\src\renderer\main.cpp" />
    <ClCompile Include="..\src\renderer\realtime_renderer.cpp" />
    <ClCompile Include="..\src\renderer\utils.cpp" />
    <ClCompile Include="..\src\renderer\vk.cpp" />
    <ClCompile Include="..\src\renderer\win32.cpp" />
    <ClCompile Include="..\src\renderer\kernels\copy_to_swapchain.cpp">
      <Filter>kernels</Filter>
    </ClCompile>
    <ClCompile Include="..\src\renderer\kernels\patch_materials.cpp">
      <Filter>kernels</Filter>
    </ClCompile>
    <ClCompile Include="..\src\renderer\kernels\draw_mesh.cpp">
      <Filter>kernels</Filter>
    </ClCompile>
    <ClCompile Include="..\src\renderer\kernels\raytrace_scene.cpp">
      <Filter>kernels</Filter>
    </ClCompile>
    <ClCompile Include="..\src\renderer\acceleration_structure.cpp" />
    <ClCompile Include="..\src\renderer\ui\ui.cpp">
      <Filter>ui</Filter>
    </ClCompile>
  </ItemGroup>
  <ItemGroup>
    <ClInclude Include="..\src\std.h" />
    <ClInclude Include="..\src\renderer\realtime_renderer.h" />
    <ClInclude Include="..\src\renderer\utils.h" />
    <ClInclude Include="..\src\renderer\vk.h" />
    <ClInclude Include="..\src\renderer\platform.h" />
    <ClInclude Include="..\src\shaders\shared_light.h">
      <Filter>shaders</Filter>
    </ClInclude>
    <ClInclude Include="..\src\renderer\kernels\copy_to_swapchain.h">
      <Filter>kernels</Filter>
    </ClInclude>
    <ClInclude Include="..\src\renderer\kernels\patch_materials.h">
      <Filter>kernels</Filter>
    </ClInclude>
    <ClInclude Include="..\src\renderer\kernels\draw_mesh.h">
      <Filter>kernels</Filter>
    </ClInclude>
    <ClInclude Include="..\src\renderer\kernels\raytrace_scene.h">
      <Filter>kernels</Filter>
    </ClInclude>
    <ClInclude Include="..\src\renderer\acceleration_structure.h" />
    <ClInclude Include="..\src\shaders\shared_main.h">
      <Filter>shaders</Filter>
    </ClInclude>
    <ClInclude Include="..\src\renderer\kernel_context.h" />
    <ClInclude Include="..\src\shaders\shared_material.h">
      <Filter>shaders</Filter>
    </ClInclude>
    <ClInclude Include="..\src\renderer\geometry.h" />
    <ClInclude Include="..\src\renderer\ui\ui.h">
      <Filter>ui</Filter>
    </ClInclude>
  </ItemGroup>
  <ItemGroup>
    <Filter Include="shaders">
      <UniqueIdentifier>{1be3d33b-ac0d-4df7-ad63-48c4e7b89b7b}</UniqueIdentifier>
    </Filter>
    <Filter Include="kernels">
      <UniqueIdentifier>{49653ff4-3e11-4ee5-8e86-d2103ca724b7}</UniqueIdentifier>
    </Filter>
    <Filter Include="ui">
      <UniqueIdentifier>{94da4b91-ec4c-4ee2-b6ab-3ac0c2550120}</UniqueIdentifier>
    </Filter>
  </ItemGroup>
  <ItemGroup>
    <None Include="..\src\shaders\common.glsl">
      <Filter>shaders</Filter>
    </None>
    <None Include="..\src\shaders\rt_utils.glsl">
      <Filter>shaders</Filter>
    </None>
    <None Include="..\src\shaders\tone_mapping.glsl">
      <Filter>shaders</Filter>
    </None>
    <None Include="..\src\shaders\material.glsl">
      <Filter>shaders</Filter>
    </None>
    <None Include="..\src\shaders\geometry.glsl">
      <Filter>shaders</Filter>
    </None>
    <None Include="..\src\shaders\compute_bsdf.glsl">
      <Filter>shaders</Filter>
    </None>
    <None Include="..\src\shaders\base_resources.glsl">
      <Filter>shaders</Filter>
    </None>
    <None Include="..\src\shaders\light_resources.glsl">
      <Filter>shaders</Filter>
    </None>
    <None Include="..\src\shaders\material_resources.glsl">
      <Filter>shaders</Filter>
    </None>
  </ItemGroup>
  <ItemGroup>
    <CustomBuild Include="..\src\shaders\copy_to_swapchain.comp.glsl">
      <Filter>shaders</Filter>
    </CustomBuild>
    <CustomBuild Include="..\src\shaders\patch_materials.comp.glsl">
      <Filter>shaders</Filter>
    </CustomBuild>
    <CustomBuild Include="..\src\shaders\draw_mesh.frag.glsl">
      <Filter>shaders</Filter>
    </CustomBuild>
    <CustomBuild Include="..\src\shaders\draw_mesh.vert.glsl">
      <Filter>shaders</Filter>
    </CustomBuild>
    <CustomBuild Include="..\src\shaders\raytrace_scene.rchit.glsl">
      <Filter>shaders</Filter>
    </CustomBuild>
    <CustomBuild Include="..\src\shaders\raytrace_scene.rgen.glsl">
      <Filter>shaders</Filter>
    </CustomBuild>
    <CustomBuild Include="..\src\shaders\raytrace_scene.rmiss.glsl">
      <Filter>shaders</Filter>
    </CustomBuild>
    <CustomBuild Include="..\src\shaders\raytrace_scene_shadow_ray.rchit.glsl">
      <Filter>shaders</Filter>
    </CustomBuild>
  </ItemGroup>
</Project>