<?xml version="1.0" encoding="utf-8"?>
<Project ToolsVersion="4.0" xmlns="http://schemas.microsoft.com/developer/msbuild/2003">
  <ItemGroup>
    <ClCompile Include="..\src\std.cpp" />
    <ClCompile Include="..\src\gpu\main.cpp" />
    <ClCompile Include="..\src\gpu\vk.cpp" />
    <ClCompile Include="..\src\gpu\kernels\copy_to_swapchain.cpp">
      <Filter>kernels</Filter>
    </ClCompile>
    <ClCompile Include="..\src\gpu\kernels\patch_materials.cpp">
      <Filter>kernels</Filter>
    </ClCompile>
    <ClCompile Include="..\src\gpu\kernels\direct_lighting.cpp">
      <Filter>kernels</Filter>
    </ClCompile>
    <ClCompile Include="..\src\gpu\acceleration_structure.cpp" />
    <ClCompile Include="..\src\gpu\yar.cpp" />
    <ClCompile Include="..\src\gpu\kernels\apply_tone_mapping.cpp">
      <Filter>kernels</Filter>
    </ClCompile>
    <ClCompile Include="..\src\gpu\descriptor_heap.cpp" />
    <ClCompile Include="..\src\gpu\descriptors.cpp" />
    <ClCompile Include="..\src\gpu\kernels\path_tracing.cpp">
      <Filter>kernels</Filter>
    </ClCompile>
    <ClCompile Include="..\src\gpu\ui.cpp" />
    <ClCompile Include="..\src\gpu\gpu_scene.cpp" />
    <ClCompile Include="..\src\gpu\kernels.cpp" />
  </ItemGroup>
  <ItemGroup>
    <ClInclude Include="..\src\std.h" />
    <ClInclude Include="..\src\gpu\vk.h" />
    <ClInclude Include="..\src\gpu\kernels\copy_to_swapchain.h">
      <Filter>kernels</Filter>
    </ClInclude>
    <ClInclude Include="..\src\gpu\kernels\patch_materials.h">
      <Filter>kernels</Filter>
    </ClInclude>
    <ClInclude Include="..\src\gpu\kernels\direct_lighting.h">
      <Filter>kernels</Filter>
    </ClInclude>
    <ClInclude Include="..\src\gpu\acceleration_structure.h" />
    <ClInclude Include="..\src\gpu\yar.h" />
    <ClInclude Include="..\src\gpu\kernels\apply_tone_mapping.h">
      <Filter>kernels</Filter>
    </ClInclude>
    <ClInclude Include="..\src\gpu\descriptor_heap.h" />
    <ClInclude Include="..\src\gpu\descriptors.h" />
    <ClInclude Include="..\src\gpu\kernels\path_tracing.h">
      <Filter>kernels</Filter>
    </ClInclude>
    <ClInclude Include="..\src\gpu\ui.h" />
    <ClInclude Include="..\src\gpu\gpu_scene.h" />
    <ClInclude Include="..\src\gpu\kernels.h" />
  </ItemGroup>
  <ItemGroup>
    <Filter Include="shaders">
      <UniqueIdentifier>{1be3d33b-ac0d-4df7-ad63-48c4e7b89b7b}</UniqueIdentifier>
    </Filter>
    <Filter Include="kernels">
      <UniqueIdentifier>{49653ff4-3e11-4ee5-8e86-d2103ca724b7}</UniqueIdentifier>
    </Filter>
  </ItemGroup>
  <ItemGroup>
    <SlangShader Include="..\src\shaders\shared.slang">
      <Filter>shaders</Filter>
    </SlangShader>
    <SlangShader Include="..\src\shaders\raytrace_types.slang">
      <Filter>shaders</Filter>
    </SlangShader>
    <SlangShader Include="..\src\shaders\common.slang">
      <Filter>shaders</Filter>
    </SlangShader>
    <SlangShader Include="..\src\shaders\shading_context.slang">
      <Filter>shaders</Filter>
    </SlangShader>
    <SlangShader Include="..\src\shaders\resources.slang">
      <Filter>shaders</Filter>
    </SlangShader>
    <SlangShader Include="..\src\shaders\direct_lighting.slang">
      <Filter>shaders</Filter>
    </SlangShader>
    <SlangShader Include="..\src\shaders\evaluate_bsdf.slang">
      <Filter>shaders</Filter>
    </SlangShader>
    <SlangShader Include="..\src\shaders\apply_tone_mapping.slang">
      <Filter>shaders</Filter>
    </SlangShader>
    <SlangShader Include="..\src\shaders\copy_to_swapchain.slang">
      <Filter>shaders</Filter>
    </SlangShader>
    <SlangShader Include="..\src\shaders\patch_materials.slang">
      <Filter>shaders</Filter>
    </SlangShader>
    <SlangShader Include="..\src\shaders\raytrace_scene.miss.slang">
      <Filter>shaders</Filter>
    </SlangShader>
    <SlangShader Include="..\src\shaders\raytrace_scene_shadow_ray.chit.slang">
      <Filter>shaders</Filter>
    </SlangShader>
    <SlangShader Include="..\src\shaders\raytrace_scene.rgen.slang">
      <Filter>shaders</Filter>
    </SlangShader>
    <SlangShader Include="..\src\shaders\raytrace_scene.chit.slang">
      <Filter>shaders</Filter>
    </SlangShader>
    <SlangShader Include="..\src\shaders\path_tracing.chit.slang">
      <Filter>shaders</Filter>
    </SlangShader>
    <SlangShader Include="..\src\shaders\path_tracing.miss.slang">
      <Filter>shaders</Filter>
    </SlangShader>
    <SlangShader Include="..\src\shaders\path_tracing.rgen.slang">
      <Filter>shaders</Filter>
    </SlangShader>
    <SlangShader Include="..\src\shaders\path_tracing_shadow_ray.chit.slang">
      <Filter>shaders</Filter>
    </SlangShader>
  </ItemGroup>
  <ItemGroup>
    <CustomBuild Include="compile_shaders.trigger">
      <Filter>shaders</Filter>
    </CustomBuild>
  </ItemGroup>
</Project>